{
	"name": "@my-dish/packer",
	"version": "2.2.2",
	"lockfileVersion": 1,
	"requires": true,
	"dependencies": {
		"child-process-promise": {
			"version": "2.2.1",
			"resolved": "https://registry.npmjs.org/child-process-promise/-/child-process-promise-2.2.1.tgz",
			"integrity": "sha1-RzChHvYQ+tRQuPIjx50x172tgHQ=",
			"requires": {
				"cross-spawn": "4.0.2",
				"node-version": "1.0.0",
				"promise-polyfill": "6.0.2"
			},
			"dependencies": {
				"cross-spawn": {
					"version": "4.0.2",
					"resolved": "https://registry.npmjs.org/cross-spawn/-/cross-spawn-4.0.2.tgz",
					"integrity": "sha1-e5JHYhwjrf3ThWAEqCPL45dCTUE=",
					"requires": {
						"lru-cache": "4.1.1",
						"which": "1.2.14"
					}
				}
			}
		},
		"deep-extend": {
			"version": "0.4.2",
			"resolved": "https://registry.npmjs.org/deep-extend/-/deep-extend-0.4.2.tgz",
			"integrity": "sha1-SLaZwn4zS/ifEIkr5DL25MfTSn8="
		},
		"fs-extra": {
			"version": "3.0.1",
			"resolved": "https://registry.npmjs.org/fs-extra/-/fs-extra-3.0.1.tgz",
			"integrity": "sha1-N5TzeMWLNC6n27sjCVEJxLO2IpE=",
			"requires": {
				"graceful-fs": "4.1.11",
				"jsonfile": "3.0.1",
				"universalify": "0.1.1"
			}
		},
		"graceful-fs": {
			"version": "4.1.11",
			"resolved": "https://registry.npmjs.org/graceful-fs/-/graceful-fs-4.1.11.tgz",
			"integrity": "sha1-Dovf5NHduIVNZOBOp8AOKgJuVlg="
		},
		"ini": {
			"version": "1.3.4",
			"resolved": "https://registry.npmjs.org/ini/-/ini-1.3.4.tgz",
			"integrity": "sha1-BTfLedr1m1mhpRff9wbIbsA5Fi4="
		},
		"isexe": {
			"version": "2.0.0",
			"resolved": "https://registry.npmjs.org/isexe/-/isexe-2.0.0.tgz",
			"integrity": "sha1-6PvzdNxVb/iUehDcsFctYz8s+hA="
		},
		"jsonfile": {
			"version": "3.0.1",
			"resolved": "https://registry.npmjs.org/jsonfile/-/jsonfile-3.0.1.tgz",
			"integrity": "sha1-pezG9l9T9mLEQVx2daAzHQmS7GY=",
			"requires": {
				"graceful-fs": "4.1.11"
			}
		},
		"lru-cache": {
			"version": "4.1.1",
			"resolved": "https://registry.npmjs.org/lru-cache/-/lru-cache-4.1.1.tgz",
			"integrity": "sha512-q4spe4KTfsAS1SUHLO0wz8Qiyf1+vMIAgpRYioFYDMNqKfHQbg+AVDH3i4fvpl71/P1L0dBl+fQi+P37UYf0ew==",
			"requires": {
				"pseudomap": "1.0.2",
				"yallist": "2.1.2"
			}
		},
		"minimist": {
			"version": "1.2.0",
			"resolved": "https://registry.npmjs.org/minimist/-/minimist-1.2.0.tgz",
			"integrity": "sha1-o1AIsg9BOD7sH7kU9M1d95omQoQ="
		},
		"node-version": {
			"version": "1.0.0",
			"resolved": "https://registry.npmjs.org/node-version/-/node-version-1.0.0.tgz",
			"integrity": "sha1-G5uVhKmn96YSPyFc0UplK/IasZ4="
		},
		"promise-polyfill": {
			"version": "6.0.2",
			"resolved": "https://registry.npmjs.org/promise-polyfill/-/promise-polyfill-6.0.2.tgz",
			"integrity": "sha1-2chtPcTcLfkBboiUbe/Wm0m0EWI="
		},
		"pseudomap": {
			"version": "1.0.2",
			"resolved": "https://registry.npmjs.org/pseudomap/-/pseudomap-1.0.2.tgz",
			"integrity": "sha1-8FKijacOYYkX7wqKw0wa5aaChrM="
		},
		"rc": {
			"version": "1.2.1",
			"resolved": "https://registry.npmjs.org/rc/-/rc-1.2.1.tgz",
			"integrity": "sha1-LgPo5C7kULjLPc5lvhv4l04d/ZU=",
			"requires": {
				"deep-extend": "0.4.2",
				"ini": "1.3.4",
				"minimist": "1.2.0",
				"strip-json-comments": "2.0.1"
			}
		},
		"strip-json-comments": {
			"version": "2.0.1",
			"resolved": "https://registry.npmjs.org/strip-json-comments/-/strip-json-comments-2.0.1.tgz",
			"integrity": "sha1-PFMZQukIwml8DsNEhYwobHygpgo="
		},
		"universalify": {
			"version": "0.1.1",
			"resolved": "https://registry.npmjs.org/universalify/-/universalify-0.1.1.tgz",
			"integrity": "sha1-+nG63UQ3r0wUiEHjs7Fl+enlkLc="
		},
		"which": {
			"version": "1.2.14",
			"resolved": "https://registry.npmjs.org/which/-/which-1.2.14.tgz",
			"integrity": "sha1-mofEN48D6CfOyvGs31bHNsAcFOU=",
			"requires": {
				"isexe": "2.0.0"
			}
		},
		"yallist": {
			"version": "2.1.2",
			"resolved": "https://registry.npmjs.org/yallist/-/yallist-2.1.2.tgz",
			"integrity": "sha1-HBH5IY8HYImkfdUS+TxmmaaoHVI="
		}
	}
}
